
Microsoft Visual Studio Solution File, Format Version 12.00
# Visual Studio Version 16
VisualStudioVersion = 16.0.31402.337
MinimumVisualStudioVersion = 10.0.40219.1
Project("{FAE04EC0-301F-11D3-BF4B-00C04F79EFBC}") = "NumberGuesser", "NumberGuesser.csproj", "{83D55601-F09A-41E0-A0D4-0B9983770D1A}"
EndProject
Global
	GlobalSection(SolutionConfigurationPlatforms) = preSolution
		Debug|Any CPU = Debug|Any CPU
		Release|Any CPU = Release|Any CPU
	EndGlobalSection
	GlobalSection(ProjectConfigurationPlatforms) = postSolution
		{83D55601-F09A-41E0-A0D4-0B9983770D1A}.Debug|Any CPU.ActiveCfg = Debug|Any CPU
		{83D55601-F09A-41E0-A0D4-0B9983770D1A}.Debug|Any CPU.Build.0 = Debug|Any CPU
		{83D55601-F09A-41E0-A0D4-0B9983770D1A}.Release|Any CPU.ActiveCfg = Release|Any CPU
		{83D55601-F09A-41E0-A0D4-0B9983770D1A}.Release|Any CPU.Build.0 = Release|Any CPU
	EndGlobalSection
	GlobalSection(SolutionProperties) = preSolution
		HideSolutionNode = FALSE
	EndGlobalSection
	GlobalSection(ExtensibilityGlobals) = postSolution
		SolutionGuid = {03886DD3-C11A-4973-8056-2D6E22160EBE}
	EndGlobalSection
EndGlobal
